
Microsoft Visual Studio Solution File, Format Version 12.00
# Visual Studio Version 16
VisualStudioVersion = 16.0.31702.278
MinimumVisualStudioVersion = 10.0.40219.1
Project("{FAE04EC0-301F-11D3-BF4B-00C04F79EFBC}") = "HelloPam.BO", "HelloPam.BO\HelloPam.BO.csproj", "{50C34460-8CA4-4C66-A61C-7052F8964D37}"
EndProject
Project("{FAE04EC0-301F-11D3-BF4B-00C04F79EFBC}") = "HelloPam.DAL", "HelloPam.DAL\HelloPam.DAL.csproj", "{A1796638-BAA3-4A49-8B18-A29F673FBA6D}"
EndProject
Project("{FAE04EC0-301F-11D3-BF4B-00C04F79EFBC}") = "HelloPam.BLL", "HelloPam.BLL\HelloPam.BLL.csproj", "{9074BF3F-AF2A-4E57-A5FF-9822A418AD3D}"
EndProject
Project("{FAE04EC0-301F-11D3-BF4B-00C04F79EFBC}") = "HelloPam.WinForms", "HelloPam.WinForms\HelloPam.WinForms.csproj", "{A3F418C5-A88F-4651-B093-6577966972D1}"
EndProject
Project("{FAE04EC0-301F-11D3-BF4B-00C04F79EFBC}") = "HelloPam.WebApp", "HelloPam.WebApp\HelloPam.WebApp.csproj", "{9B4CC125-DEF3-4303-849A-B853FE84D642}"
EndProject
Global
	GlobalSection(SolutionConfigurationPlatforms) = preSolution
		Debug|Any CPU = Debug|Any CPU
		Release|Any CPU = Release|Any CPU
	EndGlobalSection
	GlobalSection(ProjectConfigurationPlatforms) = postSolution
		{50C34460-8CA4-4C66-A61C-7052F8964D37}.Debug|Any CPU.ActiveCfg = Debug|Any CPU
		{50C34460-8CA4-4C66-A61C-7052F8964D37}.Debug|Any CPU.Build.0 = Debug|Any CPU
		{50C34460-8CA4-4C66-A61C-7052F8964D37}.Release|Any CPU.ActiveCfg = Release|Any CPU
		{50C34460-8CA4-4C66-A61C-7052F8964D37}.Release|Any CPU.Build.0 = Release|Any CPU
		{A1796638-BAA3-4A49-8B18-A29F673FBA6D}.Debug|Any CPU.ActiveCfg = Debug|Any CPU
		{A1796638-BAA3-4A49-8B18-A29F673FBA6D}.Debug|Any CPU.Build.0 = Debug|Any CPU
		{A1796638-BAA3-4A49-8B18-A29F673FBA6D}.Release|Any CPU.ActiveCfg = Release|Any CPU
		{A1796638-BAA3-4A49-8B18-A29F673FBA6D}.Release|Any CPU.Build.0 = Release|Any CPU
		{9074BF3F-AF2A-4E57-A5FF-9822A418AD3D}.Debug|Any CPU.ActiveCfg = Debug|Any CPU
		{9074BF3F-AF2A-4E57-A5FF-9822A418AD3D}.Debug|Any CPU.Build.0 = Debug|Any CPU
		{9074BF3F-AF2A-4E57-A5FF-9822A418AD3D}.Release|Any CPU.ActiveCfg = Release|Any CPU
		{9074BF3F-AF2A-4E57-A5FF-9822A418AD3D}.Release|Any CPU.Build.0 = Release|Any CPU
		{A3F418C5-A88F-4651-B093-6577966972D1}.Debug|Any CPU.ActiveCfg = Debug|Any CPU
		{A3F418C5-A88F-4651-B093-6577966972D1}.Debug|Any CPU.Build.0 = Debug|Any CPU
		{A3F418C5-A88F-4651-B093-6577966972D1}.Release|Any CPU.ActiveCfg = Release|Any CPU
		{A3F418C5-A88F-4651-B093-6577966972D1}.Release|Any CPU.Build.0 = Release|Any CPU
		{9B4CC125-DEF3-4303-849A-B853FE84D642}.Debug|Any CPU.ActiveCfg = Debug|Any CPU
		{9B4CC125-DEF3-4303-849A-B853FE84D642}.Debug|Any CPU.Build.0 = Debug|Any CPU
		{9B4CC125-DEF3-4303-849A-B853FE84D642}.Release|Any CPU.ActiveCfg = Release|Any CPU
		{9B4CC125-DEF3-4303-849A-B853FE84D642}.Release|Any CPU.Build.0 = Release|Any CPU
	EndGlobalSection
	GlobalSection(SolutionProperties) = preSolution
		HideSolutionNode = FALSE
	EndGlobalSection
	GlobalSection(ExtensibilityGlobals) = postSolution
		SolutionGuid = {5C8520C5-D9B6-4A48-BAF9-442DA451CD4F}
	EndGlobalSection
EndGlobal
